
Microsoft Visual Studio Solution File, Format Version 12.00
# Visual Studio Version 16
VisualStudioVersion = 16.0.29613.14
MinimumVisualStudioVersion = 10.0.40219.1
Project("{FAE04EC0-301F-11D3-BF4B-00C04F79EFBC}") = "Direct.GetCredentialApplication.Library", "Direct.GetCredentialApplication.Library\Direct.GetCredentialApplication.Library.csproj", "{36999E52-4D81-4C4B-9DD2-8E68B9593DCB}"
EndProject
Global
	GlobalSection(SolutionConfigurationPlatforms) = preSolution
		Debug|Any CPU = Debug|Any CPU
		Release|Any CPU = Release|Any CPU
	EndGlobalSection
	GlobalSection(ProjectConfigurationPlatforms) = postSolution
		{36999E52-4D81-4C4B-9DD2-8E68B9593DCB}.Debug|Any CPU.ActiveCfg = Debug|Any CPU
		{36999E52-4D81-4C4B-9DD2-8E68B9593DCB}.Debug|Any CPU.Build.0 = Debug|Any CPU
		{36999E52-4D81-4C4B-9DD2-8E68B9593DCB}.Release|Any CPU.ActiveCfg = Release|Any CPU
		{36999E52-4D81-4C4B-9DD2-8E68B9593DCB}.Release|Any CPU.Build.0 = Release|Any CPU
	EndGlobalSection
	GlobalSection(SolutionProperties) = preSolution
		HideSolutionNode = FALSE
	EndGlobalSection
	GlobalSection(ExtensibilityGlobals) = postSolution
		SolutionGuid = {5E205BF6-115A-4A7A-A490-F9487C26A73B}
	EndGlobalSection
EndGlobal
